
Microsoft Visual Studio Solution File, Format Version 12.00
Project("{FAE04EC0-301F-11D3-BF4B-00C04F79EFBC}") = "Lesson02_HttpApi", "lessons\Lesson02_HttpApi\Lesson02_HttpApi.csproj", "{E9BE5DF3-B0E8-48E2-91BB-15AD666641CC}"
EndProject
Project("{FAE04EC0-301F-11D3-BF4B-00C04F79EFBC}") = "Lesson03_HttpClient", "lessons\Lesson03_HttpClient\Lesson03_HttpClient.csproj", "{3006B252-3578-4CDA-A69A-D820B1098FA3}"
EndProject
Project("{FAE04EC0-301F-11D3-BF4B-00C04F79EFBC}") = "Lesson04_HttpModels", "lessons\Lesson04_HttpModels\Lesson04_HttpModels.csproj", "{2E1C5594-8362-4474-A353-038543F688D2}"
EndProject
Project("{FAE04EC0-301F-11D3-BF4B-00C04F79EFBC}") = "Lesson04_ApiClientRefit", "lessons\Lesson04_ApiClientRefit\Lesson04_ApiClientRefit.csproj", "{E210355A-A1C2-459E-B9E9-57DE28B0DD63}"
EndProject
Project("{FAE04EC0-301F-11D3-BF4B-00C04F79EFBC}") = "Lesson04_RazorPages", "lessons\Lesson04_RazorPages\Lesson04_RazorPages.csproj", "{972863BF-0FEF-4D89-8CD7-4432DE74EBA5}"
EndProject
Project("{FAE04EC0-301F-11D3-BF4B-00C04F79EFBC}") = "Lesson07_DI", "lessons\Lesson07_DI\Lesson07_DI.csproj", "{B125D1A2-A7CB-4EDF-88C6-A0310BA7B526}"
EndProject
Project("{FAE04EC0-301F-11D3-BF4B-00C04F79EFBC}") = "Lesson07_Mail", "lessons\Lesson07_Mail\Lesson07_Mail.csproj", "{D187FF16-E81A-48F9-BCD2-440C7FBB3753}"
EndProject
Project("{FAE04EC0-301F-11D3-BF4B-00C04F79EFBC}") = "Lesson08.Configurations", "lessons\Lesson08.Configurations\Lesson08.Configurations.csproj", "{B1FC3BFB-1B83-4193-9C21-6D9F28F23426}"
EndProject
Project("{FAE04EC0-301F-11D3-BF4B-00C04F79EFBC}") = "Lesson10.ExceptionHandling", "lessons\Lesson10.ExceptionHandling\Lesson10.ExceptionHandling.csproj", "{2BD7DFBB-303D-43B5-A877-1E393834A2C7}"
EndProject
Project("{FAE04EC0-301F-11D3-BF4B-00C04F79EFBC}") = "Lesson11.BlazorServer", "lessons\Lesson11.BlazorServer\Lesson11.BlazorServer.csproj", "{53B0554A-60DC-42BA-A2B3-C5393C021FF4}"
EndProject
Project("{FAE04EC0-301F-11D3-BF4B-00C04F79EFBC}") = "Lesson13.EFCore", "lessons\Lesson13.EFCore\Lesson13.EFCore.csproj", "{566CD620-E588-44EC-8ADA-5069BF434A02}"
EndProject
Project("{FAE04EC0-301F-11D3-BF4B-00C04F79EFBC}") = "Lesson14.HttpApi", "lessons\Lesson14.HttpApi\Lesson14.HttpApi.csproj", "{3CCF3A71-9525-4E52-AEC5-808C8971E382}"
EndProject
Project("{FAE04EC0-301F-11D3-BF4B-00C04F79EFBC}") = "Lesson14.BlazorClient", "lessons\Lesson14.BlazorClient\Lesson14.BlazorClient.csproj", "{5C7E802E-5CCA-4A00-8E93-72AA7BE8FFDC}"
EndProject
Project("{FAE04EC0-301F-11D3-BF4B-00C04F79EFBC}") = "Lesson14.Models", "lessons\Lesson14.Models\Lesson14.Models.csproj", "{A3049396-EF54-4377-8EB9-2B87369428D8}"
EndProject
Project("{FAE04EC0-301F-11D3-BF4B-00C04F79EFBC}") = "Lesson14.HttpClient", "lessons\Lesson14.HttpClient\Lesson14.HttpClient.csproj", "{FBF45DAB-CFFE-458A-9770-A398445D40A6}"
EndProject
Project("{FAE04EC0-301F-11D3-BF4B-00C04F79EFBC}") = "Lesson15.Controllers", "lessons\Lesson15.Controllers\Lesson15.Controllers.csproj", "{08822F51-3FEE-4E86-A594-B8824487B476}"
EndProject
Project("{FAE04EC0-301F-11D3-BF4B-00C04F79EFBC}") = "Lesson16.Swagger", "lessons\Lesson16.Swagger\Lesson16.Swagger.csproj", "{18AC5B52-F1B2-4E9A-882C-B859914571B1}"
EndProject
Project("{FAE04EC0-301F-11D3-BF4B-00C04F79EFBC}") = "Lesson17.PasswordHashing", "lessons\Lesson17.PasswordHashing\Lesson17.PasswordHashing.csproj", "{A61F35AC-69A8-4694-8170-D33F317141E5}"
EndProject
Project("{FAE04EC0-301F-11D3-BF4B-00C04F79EFBC}") = "Lesson19.Auth", "lessons\Lesson19.Auth\Lesson19.Auth.csproj", "{549B9420-9A7C-4932-8587-8CCA92A0EF24}"
EndProject
Project("{FAE04EC0-301F-11D3-BF4B-00C04F79EFBC}") = "Lesson20.Auth.BlazorWasm", "lessons\Lesson20.Auth.BlazorWasm\Lesson20.Auth.BlazorWasm.csproj", "{670182A6-57B3-4F31-807D-4AC1EDFDC506}"
EndProject
Project("{FAE04EC0-301F-11D3-BF4B-00C04F79EFBC}") = "Lesson18.Middleware", "lessons\Lesson18.Middleware\Lesson18.Middleware.csproj", "{37D98AD5-013C-49D4-82CD-516D36F301B7}"
EndProject
Project("{FAE04EC0-301F-11D3-BF4B-00C04F79EFBC}") = "Lesson21.UoW", "lessons\Lesson21.UoW\Lesson21.UoW.csproj", "{F7211EBB-64F7-4B8F-85BD-CE9145BE19B3}"
EndProject
Project("{FAE04EC0-301F-11D3-BF4B-00C04F79EFBC}") = "Lesson.BlazorServerAuth", "lessons\Lesson.BlazorServerAuth\Lesson.BlazorServerAuth.csproj", "{8CFCD1FD-A740-479A-BDC3-D146B83BC0C5}"
EndProject
Project("{FAE04EC0-301F-11D3-BF4B-00C04F79EFBC}") = "Lesson23.Filters", "lessons\Lesson23.Filters\Lesson23.Filters.csproj", "{62BD8336-1099-4503-928B-F28B0BDEF198}"
EndProject
Project("{FAE04EC0-301F-11D3-BF4B-00C04F79EFBC}") = "GreatShop.Domain", "src\GreatShop.Domain\GreatShop.Domain.csproj", "{BD055A50-7C81-40F9-AB0C-248796D4E140}"
EndProject
Project("{2150E333-8FDC-42A3-9474-1A3956D46DE8}") = "src", "src", "{BF334292-3400-4BCC-8258-25AA8E1551CB}"
EndProject
Project("{2150E333-8FDC-42A3-9474-1A3956D46DE8}") = "lessons", "lessons", "{3B7B2D67-D72D-43CD-B8DD-A5C8013C4BB7}"
EndProject
Project("{FAE04EC0-301F-11D3-BF4B-00C04F79EFBC}") = "GreatShop.Infrastructure", "src\infrastructure\GreatShop.Infrastructure\GreatShop.Infrastructure.csproj", "{D5220351-CF7D-40AA-851C-367242AE01E7}"
EndProject
Project("{FAE04EC0-301F-11D3-BF4B-00C04F79EFBC}") = "GreatShop.HttpModels", "src\GreatShop.HttpModels\GreatShop.HttpModels.csproj", "{EE93D8CF-A3A5-43BB-96CC-AC8EA49B9DE6}"
EndProject
Project("{2150E333-8FDC-42A3-9474-1A3956D46DE8}") = "client_app", "client_app", "{B97EB1D9-B658-4A39-91E7-7B4F1CEE6791}"
EndProject
Project("{FAE04EC0-301F-11D3-BF4B-00C04F79EFBC}") = "GreatShop.BlazorApp", "client_app\GreatShop.BlazorApp\GreatShop.BlazorApp.csproj", "{20CE016C-7A14-43D0-BCB1-E47DFF50A303}"
EndProject
Project("{2150E333-8FDC-42A3-9474-1A3956D46DE8}") = "tests", "tests", "{83424AAB-D4E4-4CAA-8A2B-34D9FA03A9F8}"
EndProject
Project("{FAE04EC0-301F-11D3-BF4B-00C04F79EFBC}") = "GreatShop.Domain.Test", "tests\GreatShop.Domain.Test\GreatShop.Domain.Test.csproj", "{D33CF8E2-F89E-46ED-ACD8-E3C45D58DA60}"
EndProject
Project("{FAE04EC0-301F-11D3-BF4B-00C04F79EFBC}") = "GreatShop.HttpApiClient", "src\GreatShop.HttpApiClient\GreatShop.HttpApiClient.csproj", "{F20D9864-0640-4634-B9F7-83F2EB22257E}"
EndProject
Project("{FAE04EC0-301F-11D3-BF4B-00C04F79EFBC}") = "GreatShop.WebApi", "src\GreatShop.WebApi\GreatShop.WebApi.csproj", "{215A797D-F94E-4B99-A211-9F2C2DA48F39}"
EndProject
Project("{FAE04EC0-301F-11D3-BF4B-00C04F79EFBC}") = "GreatShop.WebApi.Test", "tests\GreatShop.WebApi.Test\GreatShop.WebApi.Test.csproj", "{BC8980E3-3B90-4CAD-9C11-265D07128779}"
EndProject
Project("{FAE04EC0-301F-11D3-BF4B-00C04F79EFBC}") = "HugeLazyResponseExampleProject", "lessons\HugeLazyResponseExampleProject\HugeLazyResponseExampleProject.csproj", "{809E999E-7E10-4172-9551-579D9FEE6C18}"
EndProject
Project("{2150E333-8FDC-42A3-9474-1A3956D46DE8}") = "infrastructure", "infrastructure", "{5C7DAFCE-B52C-4121-9D55-7AFF79F01E74}"
EndProject
Project("{FAE04EC0-301F-11D3-BF4B-00C04F79EFBC}") = "GreatShop.Data.Ef", "src\infrastructure\GreatShop.Data.Ef\GreatShop.Data.Ef.csproj", "{8AEE4575-EF87-4BE0-BC47-D8E203B02E92}"
EndProject
Project("{FAE04EC0-301F-11D3-BF4B-00C04F79EFBC}") = "GreatShop.Data.MongoDb", "src\infrastructure\GreatShop.Data.MongoDb\GreatShop.Data.MongoDb.csproj", "{9EA61FFC-BA03-4CE6-BA12-84DE1623B0E0}"
EndProject
Project("{FAE04EC0-301F-11D3-BF4B-00C04F79EFBC}") = "GreatShop.Data.Test", "tests\GreatShop.Data.Test\GreatShop.Data.Test.csproj", "{3BBBF98A-04BB-4463-825F-22A219359A4B}"
EndProject
Project("{FAE04EC0-301F-11D3-BF4B-00C04F79EFBC}") = "GreatShop.Configurations", "src\GreatShop.Configurations\GreatShop.Configurations.csproj", "{EF58330E-BFB6-429F-B331-60BE38435DBC}"
EndProject
Project("{FAE04EC0-301F-11D3-BF4B-00C04F79EFBC}") = "GreatShop.Data.Dapper", "src\infrastructure\GreatShop.Data.Dapper\GreatShop.Data.Dapper.csproj", "{74A7DD8C-DA0F-403B-B706-1D65CF712A14}"
EndProject
Global
	GlobalSection(SolutionConfigurationPlatforms) = preSolution
		Debug|Any CPU = Debug|Any CPU
		Release|Any CPU = Release|Any CPU
	EndGlobalSection
	GlobalSection(ProjectConfigurationPlatforms) = postSolution
		{E9BE5DF3-B0E8-48E2-91BB-15AD666641CC}.Debug|Any CPU.ActiveCfg = Debug|Any CPU
		{E9BE5DF3-B0E8-48E2-91BB-15AD666641CC}.Debug|Any CPU.Build.0 = Debug|Any CPU
		{E9BE5DF3-B0E8-48E2-91BB-15AD666641CC}.Release|Any CPU.ActiveCfg = Release|Any CPU
		{E9BE5DF3-B0E8-48E2-91BB-15AD666641CC}.Release|Any CPU.Build.0 = Release|Any CPU
		{3006B252-3578-4CDA-A69A-D820B1098FA3}.Debug|Any CPU.ActiveCfg = Debug|Any CPU
		{3006B252-3578-4CDA-A69A-D820B1098FA3}.Debug|Any CPU.Build.0 = Debug|Any CPU
		{3006B252-3578-4CDA-A69A-D820B1098FA3}.Release|Any CPU.ActiveCfg = Release|Any CPU
		{3006B252-3578-4CDA-A69A-D820B1098FA3}.Release|Any CPU.Build.0 = Release|Any CPU
		{2E1C5594-8362-4474-A353-038543F688D2}.Debug|Any CPU.ActiveCfg = Debug|Any CPU
		{2E1C5594-8362-4474-A353-038543F688D2}.Debug|Any CPU.Build.0 = Debug|Any CPU
		{2E1C5594-8362-4474-A353-038543F688D2}.Release|Any CPU.ActiveCfg = Release|Any CPU
		{2E1C5594-8362-4474-A353-038543F688D2}.Release|Any CPU.Build.0 = Release|Any CPU
		{E210355A-A1C2-459E-B9E9-57DE28B0DD63}.Debug|Any CPU.ActiveCfg = Debug|Any CPU
		{E210355A-A1C2-459E-B9E9-57DE28B0DD63}.Debug|Any CPU.Build.0 = Debug|Any CPU
		{E210355A-A1C2-459E-B9E9-57DE28B0DD63}.Release|Any CPU.ActiveCfg = Release|Any CPU
		{E210355A-A1C2-459E-B9E9-57DE28B0DD63}.Release|Any CPU.Build.0 = Release|Any CPU
		{972863BF-0FEF-4D89-8CD7-4432DE74EBA5}.Debug|Any CPU.ActiveCfg = Debug|Any CPU
		{972863BF-0FEF-4D89-8CD7-4432DE74EBA5}.Debug|Any CPU.Build.0 = Debug|Any CPU
		{972863BF-0FEF-4D89-8CD7-4432DE74EBA5}.Release|Any CPU.ActiveCfg = Release|Any CPU
		{972863BF-0FEF-4D89-8CD7-4432DE74EBA5}.Release|Any CPU.Build.0 = Release|Any CPU
		{B125D1A2-A7CB-4EDF-88C6-A0310BA7B526}.Debug|Any CPU.ActiveCfg = Debug|Any CPU
		{B125D1A2-A7CB-4EDF-88C6-A0310BA7B526}.Debug|Any CPU.Build.0 = Debug|Any CPU
		{B125D1A2-A7CB-4EDF-88C6-A0310BA7B526}.Release|Any CPU.ActiveCfg = Release|Any CPU
		{B125D1A2-A7CB-4EDF-88C6-A0310BA7B526}.Release|Any CPU.Build.0 = Release|Any CPU
		{D187FF16-E81A-48F9-BCD2-440C7FBB3753}.Debug|Any CPU.ActiveCfg = Debug|Any CPU
		{D187FF16-E81A-48F9-BCD2-440C7FBB3753}.Debug|Any CPU.Build.0 = Debug|Any CPU
		{D187FF16-E81A-48F9-BCD2-440C7FBB3753}.Release|Any CPU.ActiveCfg = Release|Any CPU
		{D187FF16-E81A-48F9-BCD2-440C7FBB3753}.Release|Any CPU.Build.0 = Release|Any CPU
		{B1FC3BFB-1B83-4193-9C21-6D9F28F23426}.Debug|Any CPU.ActiveCfg = Debug|Any CPU
		{B1FC3BFB-1B83-4193-9C21-6D9F28F23426}.Debug|Any CPU.Build.0 = Debug|Any CPU
		{B1FC3BFB-1B83-4193-9C21-6D9F28F23426}.Release|Any CPU.ActiveCfg = Release|Any CPU
		{B1FC3BFB-1B83-4193-9C21-6D9F28F23426}.Release|Any CPU.Build.0 = Release|Any CPU
		{2BD7DFBB-303D-43B5-A877-1E393834A2C7}.Debug|Any CPU.ActiveCfg = Debug|Any CPU
		{2BD7DFBB-303D-43B5-A877-1E393834A2C7}.Debug|Any CPU.Build.0 = Debug|Any CPU
		{2BD7DFBB-303D-43B5-A877-1E393834A2C7}.Release|Any CPU.ActiveCfg = Release|Any CPU
		{2BD7DFBB-303D-43B5-A877-1E393834A2C7}.Release|Any CPU.Build.0 = Release|Any CPU
		{53B0554A-60DC-42BA-A2B3-C5393C021FF4}.Debug|Any CPU.ActiveCfg = Debug|Any CPU
		{53B0554A-60DC-42BA-A2B3-C5393C021FF4}.Debug|Any CPU.Build.0 = Debug|Any CPU
		{53B0554A-60DC-42BA-A2B3-C5393C021FF4}.Release|Any CPU.ActiveCfg = Release|Any CPU
		{53B0554A-60DC-42BA-A2B3-C5393C021FF4}.Release|Any CPU.Build.0 = Release|Any CPU
		{566CD620-E588-44EC-8ADA-5069BF434A02}.Debug|Any CPU.ActiveCfg = Debug|Any CPU
		{566CD620-E588-44EC-8ADA-5069BF434A02}.Debug|Any CPU.Build.0 = Debug|Any CPU
		{566CD620-E588-44EC-8ADA-5069BF434A02}.Release|Any CPU.ActiveCfg = Release|Any CPU
		{566CD620-E588-44EC-8ADA-5069BF434A02}.Release|Any CPU.Build.0 = Release|Any CPU
		{3CCF3A71-9525-4E52-AEC5-808C8971E382}.Debug|Any CPU.ActiveCfg = Debug|Any CPU
		{3CCF3A71-9525-4E52-AEC5-808C8971E382}.Debug|Any CPU.Build.0 = Debug|Any CPU
		{3CCF3A71-9525-4E52-AEC5-808C8971E382}.Release|Any CPU.ActiveCfg = Release|Any CPU
		{3CCF3A71-9525-4E52-AEC5-808C8971E382}.Release|Any CPU.Build.0 = Release|Any CPU
		{5C7E802E-5CCA-4A00-8E93-72AA7BE8FFDC}.Debug|Any CPU.ActiveCfg = Debug|Any CPU
		{5C7E802E-5CCA-4A00-8E93-72AA7BE8FFDC}.Debug|Any CPU.Build.0 = Debug|Any CPU
		{5C7E802E-5CCA-4A00-8E93-72AA7BE8FFDC}.Release|Any CPU.ActiveCfg = Release|Any CPU
		{5C7E802E-5CCA-4A00-8E93-72AA7BE8FFDC}.Release|Any CPU.Build.0 = Release|Any CPU
		{A3049396-EF54-4377-8EB9-2B87369428D8}.Debug|Any CPU.ActiveCfg = Debug|Any CPU
		{A3049396-EF54-4377-8EB9-2B87369428D8}.Debug|Any CPU.Build.0 = Debug|Any CPU
		{A3049396-EF54-4377-8EB9-2B87369428D8}.Release|Any CPU.ActiveCfg = Release|Any CPU
		{A3049396-EF54-4377-8EB9-2B87369428D8}.Release|Any CPU.Build.0 = Release|Any CPU
		{FBF45DAB-CFFE-458A-9770-A398445D40A6}.Debug|Any CPU.ActiveCfg = Debug|Any CPU
		{FBF45DAB-CFFE-458A-9770-A398445D40A6}.Debug|Any CPU.Build.0 = Debug|Any CPU
		{FBF45DAB-CFFE-458A-9770-A398445D40A6}.Release|Any CPU.ActiveCfg = Release|Any CPU
		{FBF45DAB-CFFE-458A-9770-A398445D40A6}.Release|Any CPU.Build.0 = Release|Any CPU
		{08822F51-3FEE-4E86-A594-B8824487B476}.Debug|Any CPU.ActiveCfg = Debug|Any CPU
		{08822F51-3FEE-4E86-A594-B8824487B476}.Debug|Any CPU.Build.0 = Debug|Any CPU
		{08822F51-3FEE-4E86-A594-B8824487B476}.Release|Any CPU.ActiveCfg = Release|Any CPU
		{08822F51-3FEE-4E86-A594-B8824487B476}.Release|Any CPU.Build.0 = Release|Any CPU
		{18AC5B52-F1B2-4E9A-882C-B859914571B1}.Debug|Any CPU.ActiveCfg = Debug|Any CPU
		{18AC5B52-F1B2-4E9A-882C-B859914571B1}.Debug|Any CPU.Build.0 = Debug|Any CPU
		{18AC5B52-F1B2-4E9A-882C-B859914571B1}.Release|Any CPU.ActiveCfg = Release|Any CPU
		{18AC5B52-F1B2-4E9A-882C-B859914571B1}.Release|Any CPU.Build.0 = Release|Any CPU
		{A61F35AC-69A8-4694-8170-D33F317141E5}.Debug|Any CPU.ActiveCfg = Debug|Any CPU
		{A61F35AC-69A8-4694-8170-D33F317141E5}.Debug|Any CPU.Build.0 = Debug|Any CPU
		{A61F35AC-69A8-4694-8170-D33F317141E5}.Release|Any CPU.ActiveCfg = Release|Any CPU
		{A61F35AC-69A8-4694-8170-D33F317141E5}.Release|Any CPU.Build.0 = Release|Any CPU
		{549B9420-9A7C-4932-8587-8CCA92A0EF24}.Debug|Any CPU.ActiveCfg = Debug|Any CPU
		{549B9420-9A7C-4932-8587-8CCA92A0EF24}.Debug|Any CPU.Build.0 = Debug|Any CPU
		{549B9420-9A7C-4932-8587-8CCA92A0EF24}.Release|Any CPU.ActiveCfg = Release|Any CPU
		{549B9420-9A7C-4932-8587-8CCA92A0EF24}.Release|Any CPU.Build.0 = Release|Any CPU
		{670182A6-57B3-4F31-807D-4AC1EDFDC506}.Debug|Any CPU.ActiveCfg = Debug|Any CPU
		{670182A6-57B3-4F31-807D-4AC1EDFDC506}.Debug|Any CPU.Build.0 = Debug|Any CPU
		{670182A6-57B3-4F31-807D-4AC1EDFDC506}.Release|Any CPU.ActiveCfg = Release|Any CPU
		{670182A6-57B3-4F31-807D-4AC1EDFDC506}.Release|Any CPU.Build.0 = Release|Any CPU
		{37D98AD5-013C-49D4-82CD-516D36F301B7}.Debug|Any CPU.ActiveCfg = Debug|Any CPU
		{37D98AD5-013C-49D4-82CD-516D36F301B7}.Debug|Any CPU.Build.0 = Debug|Any CPU
		{37D98AD5-013C-49D4-82CD-516D36F301B7}.Release|Any CPU.ActiveCfg = Release|Any CPU
		{37D98AD5-013C-49D4-82CD-516D36F301B7}.Release|Any CPU.Build.0 = Release|Any CPU
		{F7211EBB-64F7-4B8F-85BD-CE9145BE19B3}.Debug|Any CPU.ActiveCfg = Debug|Any CPU
		{F7211EBB-64F7-4B8F-85BD-CE9145BE19B3}.Debug|Any CPU.Build.0 = Debug|Any CPU
		{F7211EBB-64F7-4B8F-85BD-CE9145BE19B3}.Release|Any CPU.ActiveCfg = Release|Any CPU
		{F7211EBB-64F7-4B8F-85BD-CE9145BE19B3}.Release|Any CPU.Build.0 = Release|Any CPU
		{8CFCD1FD-A740-479A-BDC3-D146B83BC0C5}.Debug|Any CPU.ActiveCfg = Debug|Any CPU
		{8CFCD1FD-A740-479A-BDC3-D146B83BC0C5}.Debug|Any CPU.Build.0 = Debug|Any CPU
		{8CFCD1FD-A740-479A-BDC3-D146B83BC0C5}.Release|Any CPU.ActiveCfg = Release|Any CPU
		{8CFCD1FD-A740-479A-BDC3-D146B83BC0C5}.Release|Any CPU.Build.0 = Release|Any CPU
		{62BD8336-1099-4503-928B-F28B0BDEF198}.Debug|Any CPU.ActiveCfg = Debug|Any CPU
		{62BD8336-1099-4503-928B-F28B0BDEF198}.Debug|Any CPU.Build.0 = Debug|Any CPU
		{62BD8336-1099-4503-928B-F28B0BDEF198}.Release|Any CPU.ActiveCfg = Release|Any CPU
		{62BD8336-1099-4503-928B-F28B0BDEF198}.Release|Any CPU.Build.0 = Release|Any CPU
		{BD055A50-7C81-40F9-AB0C-248796D4E140}.Debug|Any CPU.ActiveCfg = Debug|Any CPU
		{BD055A50-7C81-40F9-AB0C-248796D4E140}.Debug|Any CPU.Build.0 = Debug|Any CPU
		{BD055A50-7C81-40F9-AB0C-248796D4E140}.Release|Any CPU.ActiveCfg = Release|Any CPU
		{BD055A50-7C81-40F9-AB0C-248796D4E140}.Release|Any CPU.Build.0 = Release|Any CPU
		{D5220351-CF7D-40AA-851C-367242AE01E7}.Debug|Any CPU.ActiveCfg = Debug|Any CPU
		{D5220351-CF7D-40AA-851C-367242AE01E7}.Debug|Any CPU.Build.0 = Debug|Any CPU
		{D5220351-CF7D-40AA-851C-367242AE01E7}.Release|Any CPU.ActiveCfg = Release|Any CPU
		{D5220351-CF7D-40AA-851C-367242AE01E7}.Release|Any CPU.Build.0 = Release|Any CPU
		{EE93D8CF-A3A5-43BB-96CC-AC8EA49B9DE6}.Debug|Any CPU.ActiveCfg = Debug|Any CPU
		{EE93D8CF-A3A5-43BB-96CC-AC8EA49B9DE6}.Debug|Any CPU.Build.0 = Debug|Any CPU
		{EE93D8CF-A3A5-43BB-96CC-AC8EA49B9DE6}.Release|Any CPU.ActiveCfg = Release|Any CPU
		{EE93D8CF-A3A5-43BB-96CC-AC8EA49B9DE6}.Release|Any CPU.Build.0 = Release|Any CPU
		{20CE016C-7A14-43D0-BCB1-E47DFF50A303}.Debug|Any CPU.ActiveCfg = Debug|Any CPU
		{20CE016C-7A14-43D0-BCB1-E47DFF50A303}.Debug|Any CPU.Build.0 = Debug|Any CPU
		{20CE016C-7A14-43D0-BCB1-E47DFF50A303}.Release|Any CPU.ActiveCfg = Release|Any CPU
		{20CE016C-7A14-43D0-BCB1-E47DFF50A303}.Release|Any CPU.Build.0 = Release|Any CPU
		{D33CF8E2-F89E-46ED-ACD8-E3C45D58DA60}.Debug|Any CPU.ActiveCfg = Debug|Any CPU
		{D33CF8E2-F89E-46ED-ACD8-E3C45D58DA60}.Debug|Any CPU.Build.0 = Debug|Any CPU
		{D33CF8E2-F89E-46ED-ACD8-E3C45D58DA60}.Release|Any CPU.ActiveCfg = Release|Any CPU
		{D33CF8E2-F89E-46ED-ACD8-E3C45D58DA60}.Release|Any CPU.Build.0 = Release|Any CPU
		{F20D9864-0640-4634-B9F7-83F2EB22257E}.Debug|Any CPU.ActiveCfg = Debug|Any CPU
		{F20D9864-0640-4634-B9F7-83F2EB22257E}.Debug|Any CPU.Build.0 = Debug|Any CPU
		{F20D9864-0640-4634-B9F7-83F2EB22257E}.Release|Any CPU.ActiveCfg = Release|Any CPU
		{F20D9864-0640-4634-B9F7-83F2EB22257E}.Release|Any CPU.Build.0 = Release|Any CPU
		{215A797D-F94E-4B99-A211-9F2C2DA48F39}.Debug|Any CPU.ActiveCfg = Debug|Any CPU
		{215A797D-F94E-4B99-A211-9F2C2DA48F39}.Debug|Any CPU.Build.0 = Debug|Any CPU
		{215A797D-F94E-4B99-A211-9F2C2DA48F39}.Release|Any CPU.ActiveCfg = Release|Any CPU
		{215A797D-F94E-4B99-A211-9F2C2DA48F39}.Release|Any CPU.Build.0 = Release|Any CPU
		{BC8980E3-3B90-4CAD-9C11-265D07128779}.Debug|Any CPU.ActiveCfg = Debug|Any CPU
		{BC8980E3-3B90-4CAD-9C11-265D07128779}.Debug|Any CPU.Build.0 = Debug|Any CPU
		{BC8980E3-3B90-4CAD-9C11-265D07128779}.Release|Any CPU.ActiveCfg = Release|Any CPU
		{BC8980E3-3B90-4CAD-9C11-265D07128779}.Release|Any CPU.Build.0 = Release|Any CPU
		{809E999E-7E10-4172-9551-579D9FEE6C18}.Debug|Any CPU.ActiveCfg = Debug|Any CPU
		{809E999E-7E10-4172-9551-579D9FEE6C18}.Debug|Any CPU.Build.0 = Debug|Any CPU
		{809E999E-7E10-4172-9551-579D9FEE6C18}.Release|Any CPU.ActiveCfg = Release|Any CPU
		{809E999E-7E10-4172-9551-579D9FEE6C18}.Release|Any CPU.Build.0 = Release|Any CPU
		{8AEE4575-EF87-4BE0-BC47-D8E203B02E92}.Debug|Any CPU.ActiveCfg = Debug|Any CPU
		{8AEE4575-EF87-4BE0-BC47-D8E203B02E92}.Debug|Any CPU.Build.0 = Debug|Any CPU
		{8AEE4575-EF87-4BE0-BC47-D8E203B02E92}.Release|Any CPU.ActiveCfg = Release|Any CPU
		{8AEE4575-EF87-4BE0-BC47-D8E203B02E92}.Release|Any CPU.Build.0 = Release|Any CPU
		{9EA61FFC-BA03-4CE6-BA12-84DE1623B0E0}.Debug|Any CPU.ActiveCfg = Debug|Any CPU
		{9EA61FFC-BA03-4CE6-BA12-84DE1623B0E0}.Debug|Any CPU.Build.0 = Debug|Any CPU
		{9EA61FFC-BA03-4CE6-BA12-84DE1623B0E0}.Release|Any CPU.ActiveCfg = Release|Any CPU
		{9EA61FFC-BA03-4CE6-BA12-84DE1623B0E0}.Release|Any CPU.Build.0 = Release|Any CPU
		{3BBBF98A-04BB-4463-825F-22A219359A4B}.Debug|Any CPU.ActiveCfg = Debug|Any CPU
		{3BBBF98A-04BB-4463-825F-22A219359A4B}.Debug|Any CPU.Build.0 = Debug|Any CPU
		{3BBBF98A-04BB-4463-825F-22A219359A4B}.Release|Any CPU.ActiveCfg = Release|Any CPU
		{3BBBF98A-04BB-4463-825F-22A219359A4B}.Release|Any CPU.Build.0 = Release|Any CPU
		{EF58330E-BFB6-429F-B331-60BE38435DBC}.Debug|Any CPU.ActiveCfg = Debug|Any CPU
		{EF58330E-BFB6-429F-B331-60BE38435DBC}.Debug|Any CPU.Build.0 = Debug|Any CPU
		{EF58330E-BFB6-429F-B331-60BE38435DBC}.Release|Any CPU.ActiveCfg = Release|Any CPU
		{EF58330E-BFB6-429F-B331-60BE38435DBC}.Release|Any CPU.Build.0 = Release|Any CPU
		{74A7DD8C-DA0F-403B-B706-1D65CF712A14}.Debug|Any CPU.ActiveCfg = Debug|Any CPU
		{74A7DD8C-DA0F-403B-B706-1D65CF712A14}.Debug|Any CPU.Build.0 = Debug|Any CPU
		{74A7DD8C-DA0F-403B-B706-1D65CF712A14}.Release|Any CPU.ActiveCfg = Release|Any CPU
		{74A7DD8C-DA0F-403B-B706-1D65CF712A14}.Release|Any CPU.Build.0 = Release|Any CPU
	EndGlobalSection
	GlobalSection(NestedProjects) = preSolution
		{8CFCD1FD-A740-479A-BDC3-D146B83BC0C5} = {3B7B2D67-D72D-43CD-B8DD-A5C8013C4BB7}
		{2BD7DFBB-303D-43B5-A877-1E393834A2C7} = {3B7B2D67-D72D-43CD-B8DD-A5C8013C4BB7}
		{53B0554A-60DC-42BA-A2B3-C5393C021FF4} = {3B7B2D67-D72D-43CD-B8DD-A5C8013C4BB7}
		{566CD620-E588-44EC-8ADA-5069BF434A02} = {3B7B2D67-D72D-43CD-B8DD-A5C8013C4BB7}
		{5C7E802E-5CCA-4A00-8E93-72AA7BE8FFDC} = {3B7B2D67-D72D-43CD-B8DD-A5C8013C4BB7}
		{3CCF3A71-9525-4E52-AEC5-808C8971E382} = {3B7B2D67-D72D-43CD-B8DD-A5C8013C4BB7}
		{FBF45DAB-CFFE-458A-9770-A398445D40A6} = {3B7B2D67-D72D-43CD-B8DD-A5C8013C4BB7}
		{A3049396-EF54-4377-8EB9-2B87369428D8} = {3B7B2D67-D72D-43CD-B8DD-A5C8013C4BB7}
		{08822F51-3FEE-4E86-A594-B8824487B476} = {3B7B2D67-D72D-43CD-B8DD-A5C8013C4BB7}
		{18AC5B52-F1B2-4E9A-882C-B859914571B1} = {3B7B2D67-D72D-43CD-B8DD-A5C8013C4BB7}
		{A61F35AC-69A8-4694-8170-D33F317141E5} = {3B7B2D67-D72D-43CD-B8DD-A5C8013C4BB7}
		{37D98AD5-013C-49D4-82CD-516D36F301B7} = {3B7B2D67-D72D-43CD-B8DD-A5C8013C4BB7}
		{549B9420-9A7C-4932-8587-8CCA92A0EF24} = {3B7B2D67-D72D-43CD-B8DD-A5C8013C4BB7}
		{670182A6-57B3-4F31-807D-4AC1EDFDC506} = {3B7B2D67-D72D-43CD-B8DD-A5C8013C4BB7}
		{F7211EBB-64F7-4B8F-85BD-CE9145BE19B3} = {3B7B2D67-D72D-43CD-B8DD-A5C8013C4BB7}
		{62BD8336-1099-4503-928B-F28B0BDEF198} = {3B7B2D67-D72D-43CD-B8DD-A5C8013C4BB7}
		{E9BE5DF3-B0E8-48E2-91BB-15AD666641CC} = {3B7B2D67-D72D-43CD-B8DD-A5C8013C4BB7}
		{3006B252-3578-4CDA-A69A-D820B1098FA3} = {3B7B2D67-D72D-43CD-B8DD-A5C8013C4BB7}
		{E210355A-A1C2-459E-B9E9-57DE28B0DD63} = {3B7B2D67-D72D-43CD-B8DD-A5C8013C4BB7}
		{2E1C5594-8362-4474-A353-038543F688D2} = {3B7B2D67-D72D-43CD-B8DD-A5C8013C4BB7}
		{972863BF-0FEF-4D89-8CD7-4432DE74EBA5} = {3B7B2D67-D72D-43CD-B8DD-A5C8013C4BB7}
		{B125D1A2-A7CB-4EDF-88C6-A0310BA7B526} = {3B7B2D67-D72D-43CD-B8DD-A5C8013C4BB7}
		{D187FF16-E81A-48F9-BCD2-440C7FBB3753} = {3B7B2D67-D72D-43CD-B8DD-A5C8013C4BB7}
		{B1FC3BFB-1B83-4193-9C21-6D9F28F23426} = {3B7B2D67-D72D-43CD-B8DD-A5C8013C4BB7}
		{BD055A50-7C81-40F9-AB0C-248796D4E140} = {BF334292-3400-4BCC-8258-25AA8E1551CB}
		{EE93D8CF-A3A5-43BB-96CC-AC8EA49B9DE6} = {BF334292-3400-4BCC-8258-25AA8E1551CB}
		{20CE016C-7A14-43D0-BCB1-E47DFF50A303} = {B97EB1D9-B658-4A39-91E7-7B4F1CEE6791}
		{D33CF8E2-F89E-46ED-ACD8-E3C45D58DA60} = {83424AAB-D4E4-4CAA-8A2B-34D9FA03A9F8}
		{F20D9864-0640-4634-B9F7-83F2EB22257E} = {BF334292-3400-4BCC-8258-25AA8E1551CB}
		{215A797D-F94E-4B99-A211-9F2C2DA48F39} = {BF334292-3400-4BCC-8258-25AA8E1551CB}
		{BC8980E3-3B90-4CAD-9C11-265D07128779} = {83424AAB-D4E4-4CAA-8A2B-34D9FA03A9F8}
		{809E999E-7E10-4172-9551-579D9FEE6C18} = {3B7B2D67-D72D-43CD-B8DD-A5C8013C4BB7}
		{5C7DAFCE-B52C-4121-9D55-7AFF79F01E74} = {BF334292-3400-4BCC-8258-25AA8E1551CB}
		{8AEE4575-EF87-4BE0-BC47-D8E203B02E92} = {5C7DAFCE-B52C-4121-9D55-7AFF79F01E74}
		{D5220351-CF7D-40AA-851C-367242AE01E7} = {5C7DAFCE-B52C-4121-9D55-7AFF79F01E74}
		{9EA61FFC-BA03-4CE6-BA12-84DE1623B0E0} = {5C7DAFCE-B52C-4121-9D55-7AFF79F01E74}
		{3BBBF98A-04BB-4463-825F-22A219359A4B} = {83424AAB-D4E4-4CAA-8A2B-34D9FA03A9F8}
		{EF58330E-BFB6-429F-B331-60BE38435DBC} = {BF334292-3400-4BCC-8258-25AA8E1551CB}
		{74A7DD8C-DA0F-403B-B706-1D65CF712A14} = {5C7DAFCE-B52C-4121-9D55-7AFF79F01E74}
	EndGlobalSection
EndGlobal
